
Microsoft Visual Studio Solution File, Format Version 12.00
# Visual Studio Version 17
VisualStudioVersion = 17.14.36623.8 d17.14
MinimumVisualStudioVersion = 10.0.40219.1
Project("{FAE04EC0-301F-11D3-BF4B-00C04F79EFBC}") = "LibrarySystem", "LibrarySystem\LibrarySystem.csproj", "{14256170-298C-4387-BD17-24C39225B38D}"
EndProject
Global
	GlobalSection(SolutionConfigurationPlatforms) = preSolution
		Debug|Any CPU = Debug|Any CPU
		Release|Any CPU = Release|Any CPU
	EndGlobalSection
	GlobalSection(ProjectConfigurationPlatforms) = postSolution
		{14256170-298C-4387-BD17-24C39225B38D}.Debug|Any CPU.ActiveCfg = Debug|Any CPU
		{14256170-298C-4387-BD17-24C39225B38D}.Debug|Any CPU.Build.0 = Debug|Any CPU
		{14256170-298C-4387-BD17-24C39225B38D}.Release|Any CPU.ActiveCfg = Release|Any CPU
		{14256170-298C-4387-BD17-24C39225B38D}.Release|Any CPU.Build.0 = Release|Any CPU
	EndGlobalSection
	GlobalSection(SolutionProperties) = preSolution
		HideSolutionNode = FALSE
	EndGlobalSection
	GlobalSection(ExtensibilityGlobals) = postSolution
		SolutionGuid = {6E9DDA69-0D33-45E9-A44E-D7BB745D0CFA}
	EndGlobalSection
EndGlobal
